
Microsoft Visual Studio Solution File, Format Version 12.00
# Visual Studio 15
Project("{FAE04EC0-301F-11D3-BF4B-00C04F79EFBC}") = "TeamOtters", "Assembly-CSharp.csproj", "{BB2BFA11-6D0D-7497-F12C-6B22A466D833}"
EndProject
Project("{FAE04EC0-301F-11D3-BF4B-00C04F79EFBC}") = "TeamOtters", "Assembly-CSharp-Editor.csproj", "{DC8494E4-482A-BE6E-5C96-FDD8373119AF}"
EndProject
Global
	GlobalSection(SolutionConfigurationPlatforms) = preSolution
		Debug|Any CPU = Debug|Any CPU
		Release|Any CPU = Release|Any CPU
	EndGlobalSection
	GlobalSection(ProjectConfigurationPlatforms) = postSolution
		{BB2BFA11-6D0D-7497-F12C-6B22A466D833}.Debug|Any CPU.ActiveCfg = Debug|Any CPU
		{BB2BFA11-6D0D-7497-F12C-6B22A466D833}.Debug|Any CPU.Build.0 = Debug|Any CPU
		{BB2BFA11-6D0D-7497-F12C-6B22A466D833}.Release|Any CPU.ActiveCfg = Release|Any CPU
		{BB2BFA11-6D0D-7497-F12C-6B22A466D833}.Release|Any CPU.Build.0 = Release|Any CPU
		{DC8494E4-482A-BE6E-5C96-FDD8373119AF}.Debug|Any CPU.ActiveCfg = Debug|Any CPU
		{DC8494E4-482A-BE6E-5C96-FDD8373119AF}.Debug|Any CPU.Build.0 = Debug|Any CPU
		{DC8494E4-482A-BE6E-5C96-FDD8373119AF}.Release|Any CPU.ActiveCfg = Release|Any CPU
		{DC8494E4-482A-BE6E-5C96-FDD8373119AF}.Release|Any CPU.Build.0 = Release|Any CPU
	EndGlobalSection
	GlobalSection(SolutionProperties) = preSolution
		HideSolutionNode = FALSE
	EndGlobalSection
EndGlobal
